
Microsoft Visual Studio Solution File, Format Version 12.00
# Visual Studio Version 17
VisualStudioVersion = 17.11.35312.102
MinimumVisualStudioVersion = 10.0.40219.1
Project("{FAE04EC0-301F-11D3-BF4B-00C04F79EFBC}") = "Week14OOP", "Week14OOP\Week14OOP.csproj", "{5AEB0D3F-5680-4850-AA3D-DE3FBFDB466A}"
EndProject
Global
	GlobalSection(SolutionConfigurationPlatforms) = preSolution
		Debug|Any CPU = Debug|Any CPU
		Release|Any CPU = Release|Any CPU
	EndGlobalSection
	GlobalSection(ProjectConfigurationPlatforms) = postSolution
		{5AEB0D3F-5680-4850-AA3D-DE3FBFDB466A}.Debug|Any CPU.ActiveCfg = Debug|Any CPU
		{5AEB0D3F-5680-4850-AA3D-DE3FBFDB466A}.Debug|Any CPU.Build.0 = Debug|Any CPU
		{5AEB0D3F-5680-4850-AA3D-DE3FBFDB466A}.Release|Any CPU.ActiveCfg = Release|Any CPU
		{5AEB0D3F-5680-4850-AA3D-DE3FBFDB466A}.Release|Any CPU.Build.0 = Release|Any CPU
	EndGlobalSection
	GlobalSection(SolutionProperties) = preSolution
		HideSolutionNode = FALSE
	EndGlobalSection
	GlobalSection(ExtensibilityGlobals) = postSolution
		SolutionGuid = {80CA74B8-C4EC-471C-8F92-64E15E55EAD5}
	EndGlobalSection
EndGlobal
